// !$*UTF8*$!
{
	archiveVersion = 1;
	classes = {
	};
	objectVersion = 46;
	objects = {

/* Begin PBXBuildFile section */
		18239A871C62DB5700750FA3 /* NSDate+XMGExtension.m in Sources */ = {isa = PBXBuildFile; fileRef = 18239A861C62DB5700750FA3 /* NSDate+XMGExtension.m */; };
		182C2D8C1C608BBC00804277 /* XMGALLViewController.m in Sources */ = {isa = PBXBuildFile; fileRef = 182C2D8B1C608BBC00804277 /* XMGALLViewController.m */; };
		182C2D921C608BF100804277 /* XMGVideoViewController.m in Sources */ = {isa = PBXBuildFile; fileRef = 182C2D911C608BF100804277 /* XMGVideoViewController.m */; };
		182C2D951C608C0A00804277 /* XMGVoiceViewController.m in Sources */ = {isa = PBXBuildFile; fileRef = 182C2D941C608C0A00804277 /* XMGVoiceViewController.m */; };
		182C2D981C608C1B00804277 /* XMGPictureViewController.m in Sources */ = {isa = PBXBuildFile; fileRef = 182C2D971C608C1B00804277 /* XMGPictureViewController.m */; };
		182C2D9B1C608C2C00804277 /* XMGWordViewController.m in Sources */ = {isa = PBXBuildFile; fileRef = 182C2D9A1C608C2C00804277 /* XMGWordViewController.m */; };
		1855FD331C5F4023002BF28B /* XMGTextfieldAttr.m in Sources */ = {isa = PBXBuildFile; fileRef = 1855FD321C5F4023002BF28B /* XMGTextfieldAttr.m */; };
		189222751C604A6C009D579F /* XMGPushGuideView.m in Sources */ = {isa = PBXBuildFile; fileRef = 189222741C604A6C009D579F /* XMGPushGuideView.m */; };
		189222791C604B05009D579F /* XMGPushGuideView.xib in Resources */ = {isa = PBXBuildFile; fileRef = 189222781C604B05009D579F /* XMGPushGuideView.xib */; };
		1892B2ED1C5B0CEA0039FF47 /* XMGRecommendViewController.m in Sources */ = {isa = PBXBuildFile; fileRef = 1892B2EB1C5B0CEA0039FF47 /* XMGRecommendViewController.m */; };
		1892B2EE1C5B0CEA0039FF47 /* XMGRecommendViewController.xib in Resources */ = {isa = PBXBuildFile; fileRef = 1892B2EC1C5B0CEA0039FF47 /* XMGRecommendViewController.xib */; };
		1892B2F11C5B1C4F0039FF47 /* XMGRecommendCategory.m in Sources */ = {isa = PBXBuildFile; fileRef = 1892B2F01C5B1C4F0039FF47 /* XMGRecommendCategory.m */; };
		1892B2F81C5B1FDB0039FF47 /* XMGRecommendCategoryCell.m in Sources */ = {isa = PBXBuildFile; fileRef = 1892B2F61C5B1FDB0039FF47 /* XMGRecommendCategoryCell.m */; };
		1892B2F91C5B1FDB0039FF47 /* XMGRecommendCategoryCell.xib in Resources */ = {isa = PBXBuildFile; fileRef = 1892B2F71C5B1FDB0039FF47 /* XMGRecommendCategoryCell.xib */; };
		1892B2FC1C5B45330039FF47 /* XMGRecommendUser.m in Sources */ = {isa = PBXBuildFile; fileRef = 1892B2FB1C5B45330039FF47 /* XMGRecommendUser.m */; };
		1892B3001C5B45D40039FF47 /* XMGRecommendUserCell.m in Sources */ = {isa = PBXBuildFile; fileRef = 1892B2FE1C5B45D40039FF47 /* XMGRecommendUserCell.m */; };
		1892B3011C5B45D40039FF47 /* XMGRecommendUserCell.xib in Resources */ = {isa = PBXBuildFile; fileRef = 1892B2FF1C5B45D40039FF47 /* XMGRecommendUserCell.xib */; };
		189CC84E1C59D334003C8362 /* XMGNavigationController.m in Sources */ = {isa = PBXBuildFile; fileRef = 189CC84D1C59D334003C8362 /* XMGNavigationController.m */; };
		18B463391C61BD7700493204 /* XMGTopic.m in Sources */ = {isa = PBXBuildFile; fileRef = 18B463381C61BD7700493204 /* XMGTopic.m */; };
		18DAF1C01C61DD870043958B /* XMGTopicCell.m in Sources */ = {isa = PBXBuildFile; fileRef = 18DAF1BE1C61DD870043958B /* XMGTopicCell.m */; };
		18DAF1C11C61DD870043958B /* XMGTopicCell.xib in Resources */ = {isa = PBXBuildFile; fileRef = 18DAF1BF1C61DD870043958B /* XMGTopicCell.xib */; };
		18F5CB7E1C5EFC0900F3297F /* XMGFriendTrendsViewController.xib in Resources */ = {isa = PBXBuildFile; fileRef = 18F5CB7D1C5EFC0900F3297F /* XMGFriendTrendsViewController.xib */; };
		18F5CB821C5F022600F3297F /* XMGLoginRegisterViewController.m in Sources */ = {isa = PBXBuildFile; fileRef = 18F5CB801C5F022600F3297F /* XMGLoginRegisterViewController.m */; };
		18F5CB831C5F022600F3297F /* XMGLoginRegisterViewController.xib in Resources */ = {isa = PBXBuildFile; fileRef = 18F5CB811C5F022600F3297F /* XMGLoginRegisterViewController.xib */; };
		18F5CB861C5F093300F3297F /* XMGVerticalButton.m in Sources */ = {isa = PBXBuildFile; fileRef = 18F5CB851C5F093300F3297F /* XMGVerticalButton.m */; };
		70B5CB631B5F27D200E1C3EA /* Images.xcassets in Resources */ = {isa = PBXBuildFile; fileRef = 70B5CB621B5F27D200E1C3EA /* Images.xcassets */; };
		70B5CB721B5F27D200E1C3EA /* _1______Tests.m in Sources */ = {isa = PBXBuildFile; fileRef = 70B5CB711B5F27D200E1C3EA /* _1______Tests.m */; };
		70B5CBC01B5F7EEF00E1C3EA /* XMGEssenceViewController.m in Sources */ = {isa = PBXBuildFile; fileRef = 70B5CB9B1B5F7EEF00E1C3EA /* XMGEssenceViewController.m */; };
		70B5CBC11B5F7EEF00E1C3EA /* XMGFriendTrendsViewController.m in Sources */ = {isa = PBXBuildFile; fileRef = 70B5CBA11B5F7EEF00E1C3EA /* XMGFriendTrendsViewController.m */; };
		70B5CBC21B5F7EEF00E1C3EA /* XMGMeViewController.m in Sources */ = {isa = PBXBuildFile; fileRef = 70B5CBA71B5F7EEF00E1C3EA /* XMGMeViewController.m */; };
		70B5CBC31B5F7EEF00E1C3EA /* XMGNewViewController.m in Sources */ = {isa = PBXBuildFile; fileRef = 70B5CBAD1B5F7EEF00E1C3EA /* XMGNewViewController.m */; };
		70B5CBC41B5F7EEF00E1C3EA /* AppDelegate.m in Sources */ = {isa = PBXBuildFile; fileRef = 70B5CBB21B5F7EEF00E1C3EA /* AppDelegate.m */; };
		70B5CBC51B5F7EEF00E1C3EA /* UIBarButtonItem+XMGExtension.m in Sources */ = {isa = PBXBuildFile; fileRef = 70B5CBB51B5F7EEF00E1C3EA /* UIBarButtonItem+XMGExtension.m */; };
		70B5CBC61B5F7EEF00E1C3EA /* UIView+XMGExtension.m in Sources */ = {isa = PBXBuildFile; fileRef = 70B5CBB71B5F7EEF00E1C3EA /* UIView+XMGExtension.m */; };
		70B5CBC71B5F7EEF00E1C3EA /* XMGTabBarController.m in Sources */ = {isa = PBXBuildFile; fileRef = 70B5CBBA1B5F7EEF00E1C3EA /* XMGTabBarController.m */; };
		70B5CBC81B5F7EEF00E1C3EA /* main.m in Sources */ = {isa = PBXBuildFile; fileRef = 70B5CBBB1B5F7EEF00E1C3EA /* main.m */; };
		70B5CBC91B5F7EEF00E1C3EA /* XMGTabBar.m in Sources */ = {isa = PBXBuildFile; fileRef = 70B5CBBF1B5F7EEF00E1C3EA /* XMGTabBar.m */; };
		81FE09566F480AE1F9EB3755 /* libPods.a in Frameworks */ = {isa = PBXBuildFile; fileRef = FF487678C086FE90F821D1D1 /* libPods.a */; };
/* End PBXBuildFile section */

/* Begin PBXContainerItemProxy section */
		70B5CB6C1B5F27D200E1C3EA /* PBXContainerItemProxy */ = {
			isa = PBXContainerItemProxy;
			containerPortal = 70B5CB4A1B5F27D200E1C3EA /* Project object */;
			proxyType = 1;
			remoteGlobalIDString = 70B5CB511B5F27D200E1C3EA;
			remoteInfo = "01-百思不得姐";
		};
/* End PBXContainerItemProxy section */

/* Begin PBXFileReference section */
		18239A851C62DB5700750FA3 /* NSDate+XMGExtension.h */ = {isa = PBXFileReference; fileEncoding = 4; lastKnownFileType = sourcecode.c.h; path = "NSDate+XMGExtension.h"; sourceTree = "<group>"; };
		18239A861C62DB5700750FA3 /* NSDate+XMGExtension.m */ = {isa = PBXFileReference; fileEncoding = 4; lastKnownFileType = sourcecode.c.objc; path = "NSDate+XMGExtension.m"; sourceTree = "<group>"; };
		182C2D8A1C608BBC00804277 /* XMGALLViewController.h */ = {isa = PBXFileReference; fileEncoding = 4; lastKnownFileType = sourcecode.c.h; path = XMGALLViewController.h; sourceTree = "<group>"; };
		182C2D8B1C608BBC00804277 /* XMGALLViewController.m */ = {isa = PBXFileReference; fileEncoding = 4; lastKnownFileType = sourcecode.c.objc; path = XMGALLViewController.m; sourceTree = "<group>"; };
		182C2D901C608BF100804277 /* XMGVideoViewController.h */ = {isa = PBXFileReference; fileEncoding = 4; lastKnownFileType = sourcecode.c.h; path = XMGVideoViewController.h; sourceTree = "<group>"; };
		182C2D911C608BF100804277 /* XMGVideoViewController.m */ = {isa = PBXFileReference; fileEncoding = 4; lastKnownFileType = sourcecode.c.objc; path = XMGVideoViewController.m; sourceTree = "<group>"; };
		182C2D931C608C0A00804277 /* XMGVoiceViewController.h */ = {isa = PBXFileReference; fileEncoding = 4; lastKnownFileType = sourcecode.c.h; path = XMGVoiceViewController.h; sourceTree = "<group>"; };
		182C2D941C608C0A00804277 /* XMGVoiceViewController.m */ = {isa = PBXFileReference; fileEncoding = 4; lastKnownFileType = sourcecode.c.objc; path = XMGVoiceViewController.m; sourceTree = "<group>"; };
		182C2D961C608C1B00804277 /* XMGPictureViewController.h */ = {isa = PBXFileReference; fileEncoding = 4; lastKnownFileType = sourcecode.c.h; path = XMGPictureViewController.h; sourceTree = "<group>"; };
		182C2D971C608C1B00804277 /* XMGPictureViewController.m */ = {isa = PBXFileReference; fileEncoding = 4; lastKnownFileType = sourcecode.c.objc; path = XMGPictureViewController.m; sourceTree = "<group>"; };
		182C2D991C608C2C00804277 /* XMGWordViewController.h */ = {isa = PBXFileReference; fileEncoding = 4; lastKnownFileType = sourcecode.c.h; path = XMGWordViewController.h; sourceTree = "<group>"; };
		182C2D9A1C608C2C00804277 /* XMGWordViewController.m */ = {isa = PBXFileReference; fileEncoding = 4; lastKnownFileType = sourcecode.c.objc; path = XMGWordViewController.m; sourceTree = "<group>"; };
		1855FD311C5F4023002BF28B /* XMGTextfieldAttr.h */ = {isa = PBXFileReference; fileEncoding = 4; lastKnownFileType = sourcecode.c.h; path = XMGTextfieldAttr.h; sourceTree = "<group>"; };
		1855FD321C5F4023002BF28B /* XMGTextfieldAttr.m */ = {isa = PBXFileReference; fileEncoding = 4; lastKnownFileType = sourcecode.c.objc; path = XMGTextfieldAttr.m; sourceTree = "<group>"; };
		189222731C604A6C009D579F /* XMGPushGuideView.h */ = {isa = PBXFileReference; fileEncoding = 4; lastKnownFileType = sourcecode.c.h; path = XMGPushGuideView.h; sourceTree = "<group>"; };
		189222741C604A6C009D579F /* XMGPushGuideView.m */ = {isa = PBXFileReference; fileEncoding = 4; lastKnownFileType = sourcecode.c.objc; path = XMGPushGuideView.m; sourceTree = "<group>"; };
		189222781C604B05009D579F /* XMGPushGuideView.xib */ = {isa = PBXFileReference; fileEncoding = 4; lastKnownFileType = file.xib; path = XMGPushGuideView.xib; sourceTree = "<group>"; };
		1892B2EA1C5B0CEA0039FF47 /* XMGRecommendViewController.h */ = {isa = PBXFileReference; fileEncoding = 4; lastKnownFileType = sourcecode.c.h; path = XMGRecommendViewController.h; sourceTree = "<group>"; };
		1892B2EB1C5B0CEA0039FF47 /* XMGRecommendViewController.m */ = {isa = PBXFileReference; fileEncoding = 4; lastKnownFileType = sourcecode.c.objc; path = XMGRecommendViewController.m; sourceTree = "<group>"; };
		1892B2EC1C5B0CEA0039FF47 /* XMGRecommendViewController.xib */ = {isa = PBXFileReference; fileEncoding = 4; lastKnownFileType = file.xib; path = XMGRecommendViewController.xib; sourceTree = "<group>"; };
		1892B2EF1C5B1C4F0039FF47 /* XMGRecommendCategory.h */ = {isa = PBXFileReference; fileEncoding = 4; lastKnownFileType = sourcecode.c.h; path = XMGRecommendCategory.h; sourceTree = "<group>"; };
		1892B2F01C5B1C4F0039FF47 /* XMGRecommendCategory.m */ = {isa = PBXFileReference; fileEncoding = 4; lastKnownFileType = sourcecode.c.objc; path = XMGRecommendCategory.m; sourceTree = "<group>"; };
		1892B2F51C5B1FDB0039FF47 /* XMGRecommendCategoryCell.h */ = {isa = PBXFileReference; fileEncoding = 4; lastKnownFileType = sourcecode.c.h; path = XMGRecommendCategoryCell.h; sourceTree = "<group>"; };
		1892B2F61C5B1FDB0039FF47 /* XMGRecommendCategoryCell.m */ = {isa = PBXFileReference; fileEncoding = 4; lastKnownFileType = sourcecode.c.objc; path = XMGRecommendCategoryCell.m; sourceTree = "<group>"; };
		1892B2F71C5B1FDB0039FF47 /* XMGRecommendCategoryCell.xib */ = {isa = PBXFileReference; fileEncoding = 4; lastKnownFileType = file.xib; path = XMGRecommendCategoryCell.xib; sourceTree = "<group>"; };
		1892B2FA1C5B45330039FF47 /* XMGRecommendUser.h */ = {isa = PBXFileReference; fileEncoding = 4; lastKnownFileType = sourcecode.c.h; path = XMGRecommendUser.h; sourceTree = "<group>"; };
		1892B2FB1C5B45330039FF47 /* XMGRecommendUser.m */ = {isa = PBXFileReference; fileEncoding = 4; lastKnownFileType = sourcecode.c.objc; path = XMGRecommendUser.m; sourceTree = "<group>"; };
		1892B2FD1C5B45D40039FF47 /* XMGRecommendUserCell.h */ = {isa = PBXFileReference; fileEncoding = 4; lastKnownFileType = sourcecode.c.h; path = XMGRecommendUserCell.h; sourceTree = "<group>"; };
		1892B2FE1C5B45D40039FF47 /* XMGRecommendUserCell.m */ = {isa = PBXFileReference; fileEncoding = 4; lastKnownFileType = sourcecode.c.objc; path = XMGRecommendUserCell.m; sourceTree = "<group>"; };
		1892B2FF1C5B45D40039FF47 /* XMGRecommendUserCell.xib */ = {isa = PBXFileReference; fileEncoding = 4; lastKnownFileType = file.xib; path = XMGRecommendUserCell.xib; sourceTree = "<group>"; };
		189CC84C1C59D334003C8362 /* XMGNavigationController.h */ = {isa = PBXFileReference; fileEncoding = 4; lastKnownFileType = sourcecode.c.h; path = XMGNavigationController.h; sourceTree = "<group>"; };
		189CC84D1C59D334003C8362 /* XMGNavigationController.m */ = {isa = PBXFileReference; fileEncoding = 4; lastKnownFileType = sourcecode.c.objc; path = XMGNavigationController.m; sourceTree = "<group>"; };
		18B463371C61BD7700493204 /* XMGTopic.h */ = {isa = PBXFileReference; fileEncoding = 4; lastKnownFileType = sourcecode.c.h; path = XMGTopic.h; sourceTree = "<group>"; };
		18B463381C61BD7700493204 /* XMGTopic.m */ = {isa = PBXFileReference; fileEncoding = 4; lastKnownFileType = sourcecode.c.objc; path = XMGTopic.m; sourceTree = "<group>"; };
		18DAF1BD1C61DD870043958B /* XMGTopicCell.h */ = {isa = PBXFileReference; fileEncoding = 4; lastKnownFileType = sourcecode.c.h; path = XMGTopicCell.h; sourceTree = "<group>"; };
		18DAF1BE1C61DD870043958B /* XMGTopicCell.m */ = {isa = PBXFileReference; fileEncoding = 4; lastKnownFileType = sourcecode.c.objc; path = XMGTopicCell.m; sourceTree = "<group>"; };
		18DAF1BF1C61DD870043958B /* XMGTopicCell.xib */ = {isa = PBXFileReference; fileEncoding = 4; lastKnownFileType = file.xib; path = XMGTopicCell.xib; sourceTree = "<group>"; };
		18F5CB7D1C5EFC0900F3297F /* XMGFriendTrendsViewController.xib */ = {isa = PBXFileReference; fileEncoding = 4; lastKnownFileType = file.xib; path = XMGFriendTrendsViewController.xib; sourceTree = "<group>"; };
		18F5CB7F1C5F022600F3297F /* XMGLoginRegisterViewController.h */ = {isa = PBXFileReference; fileEncoding = 4; lastKnownFileType = sourcecode.c.h; path = XMGLoginRegisterViewController.h; sourceTree = "<group>"; };
		18F5CB801C5F022600F3297F /* XMGLoginRegisterViewController.m */ = {isa = PBXFileReference; fileEncoding = 4; lastKnownFileType = sourcecode.c.objc; path = XMGLoginRegisterViewController.m; sourceTree = "<group>"; };
		18F5CB811C5F022600F3297F /* XMGLoginRegisterViewController.xib */ = {isa = PBXFileReference; fileEncoding = 4; lastKnownFileType = file.xib; path = XMGLoginRegisterViewController.xib; sourceTree = "<group>"; };
		18F5CB841C5F093300F3297F /* XMGVerticalButton.h */ = {isa = PBXFileReference; fileEncoding = 4; lastKnownFileType = sourcecode.c.h; path = XMGVerticalButton.h; sourceTree = "<group>"; };
		18F5CB851C5F093300F3297F /* XMGVerticalButton.m */ = {isa = PBXFileReference; fileEncoding = 4; lastKnownFileType = sourcecode.c.objc; path = XMGVerticalButton.m; sourceTree = "<group>"; };
		29ECF4B08B9EC0FADE9F9A4E /* Pods.debug.xcconfig */ = {isa = PBXFileReference; includeInIndex = 1; lastKnownFileType = text.xcconfig; name = Pods.debug.xcconfig; path = "Pods/Target Support Files/Pods/Pods.debug.xcconfig"; sourceTree = "<group>"; };
		686EE972533FF6CBCB7A18CB /* Pods.release.xcconfig */ = {isa = PBXFileReference; includeInIndex = 1; lastKnownFileType = text.xcconfig; name = Pods.release.xcconfig; path = "Pods/Target Support Files/Pods/Pods.release.xcconfig"; sourceTree = "<group>"; };
		70B5CB521B5F27D200E1C3EA /* 01-百思不得姐.app */ = {isa = PBXFileReference; explicitFileType = wrapper.application; includeInIndex = 0; path = "01-百思不得姐.app"; sourceTree = BUILT_PRODUCTS_DIR; };
		70B5CB561B5F27D200E1C3EA /* Info.plist */ = {isa = PBXFileReference; lastKnownFileType = text.plist.xml; path = Info.plist; sourceTree = "<group>"; };
		70B5CB621B5F27D200E1C3EA /* Images.xcassets */ = {isa = PBXFileReference; lastKnownFileType = folder.assetcatalog; path = Images.xcassets; sourceTree = "<group>"; };
		70B5CB6B1B5F27D200E1C3EA /* 01-百思不得姐Tests.xctest */ = {isa = PBXFileReference; explicitFileType = wrapper.cfbundle; includeInIndex = 0; path = "01-百思不得姐Tests.xctest"; sourceTree = BUILT_PRODUCTS_DIR; };
		70B5CB701B5F27D200E1C3EA /* Info.plist */ = {isa = PBXFileReference; lastKnownFileType = text.plist.xml; path = Info.plist; sourceTree = "<group>"; };
		70B5CB711B5F27D200E1C3EA /* _1______Tests.m */ = {isa = PBXFileReference; lastKnownFileType = sourcecode.c.objc; path = "_1______Tests.m"; sourceTree = "<group>"; };
		70B5CB9A1B5F7EEF00E1C3EA /* XMGEssenceViewController.h */ = {isa = PBXFileReference; fileEncoding = 4; lastKnownFileType = sourcecode.c.h; path = XMGEssenceViewController.h; sourceTree = "<group>"; };
		70B5CB9B1B5F7EEF00E1C3EA /* XMGEssenceViewController.m */ = {isa = PBXFileReference; fileEncoding = 4; lastKnownFileType = sourcecode.c.objc; path = XMGEssenceViewController.m; sourceTree = "<group>"; };
		70B5CBA01B5F7EEF00E1C3EA /* XMGFriendTrendsViewController.h */ = {isa = PBXFileReference; fileEncoding = 4; lastKnownFileType = sourcecode.c.h; path = XMGFriendTrendsViewController.h; sourceTree = "<group>"; };
		70B5CBA11B5F7EEF00E1C3EA /* XMGFriendTrendsViewController.m */ = {isa = PBXFileReference; fileEncoding = 4; lastKnownFileType = sourcecode.c.objc; path = XMGFriendTrendsViewController.m; sourceTree = "<group>"; };
		70B5CBA61B5F7EEF00E1C3EA /* XMGMeViewController.h */ = {isa = PBXFileReference; fileEncoding = 4; lastKnownFileType = sourcecode.c.h; path = XMGMeViewController.h; sourceTree = "<group>"; };
		70B5CBA71B5F7EEF00E1C3EA /* XMGMeViewController.m */ = {isa = PBXFileReference; fileEncoding = 4; lastKnownFileType = sourcecode.c.objc; path = XMGMeViewController.m; sourceTree = "<group>"; };
		70B5CBAC1B5F7EEF00E1C3EA /* XMGNewViewController.h */ = {isa = PBXFileReference; fileEncoding = 4; lastKnownFileType = sourcecode.c.h; path = XMGNewViewController.h; sourceTree = "<group>"; };
		70B5CBAD1B5F7EEF00E1C3EA /* XMGNewViewController.m */ = {isa = PBXFileReference; fileEncoding = 4; lastKnownFileType = sourcecode.c.objc; path = XMGNewViewController.m; sourceTree = "<group>"; };
		70B5CBB11B5F7EEF00E1C3EA /* AppDelegate.h */ = {isa = PBXFileReference; fileEncoding = 4; lastKnownFileType = sourcecode.c.h; path = AppDelegate.h; sourceTree = "<group>"; };
		70B5CBB21B5F7EEF00E1C3EA /* AppDelegate.m */ = {isa = PBXFileReference; fileEncoding = 4; lastKnownFileType = sourcecode.c.objc; path = AppDelegate.m; sourceTree = "<group>"; };
		70B5CBB41B5F7EEF00E1C3EA /* UIBarButtonItem+XMGExtension.h */ = {isa = PBXFileReference; fileEncoding = 4; lastKnownFileType = sourcecode.c.h; path = "UIBarButtonItem+XMGExtension.h"; sourceTree = "<group>"; };
		70B5CBB51B5F7EEF00E1C3EA /* UIBarButtonItem+XMGExtension.m */ = {isa = PBXFileReference; fileEncoding = 4; lastKnownFileType = sourcecode.c.objc; path = "UIBarButtonItem+XMGExtension.m"; sourceTree = "<group>"; };
		70B5CBB61B5F7EEF00E1C3EA /* UIView+XMGExtension.h */ = {isa = PBXFileReference; fileEncoding = 4; lastKnownFileType = sourcecode.c.h; path = "UIView+XMGExtension.h"; sourceTree = "<group>"; };
		70B5CBB71B5F7EEF00E1C3EA /* UIView+XMGExtension.m */ = {isa = PBXFileReference; fileEncoding = 4; lastKnownFileType = sourcecode.c.objc; path = "UIView+XMGExtension.m"; sourceTree = "<group>"; };
		70B5CBB91B5F7EEF00E1C3EA /* XMGTabBarController.h */ = {isa = PBXFileReference; fileEncoding = 4; lastKnownFileType = sourcecode.c.h; path = XMGTabBarController.h; sourceTree = "<group>"; };
		70B5CBBA1B5F7EEF00E1C3EA /* XMGTabBarController.m */ = {isa = PBXFileReference; fileEncoding = 4; lastKnownFileType = sourcecode.c.objc; path = XMGTabBarController.m; sourceTree = "<group>"; };
		70B5CBBB1B5F7EEF00E1C3EA /* main.m */ = {isa = PBXFileReference; fileEncoding = 4; lastKnownFileType = sourcecode.c.objc; path = main.m; sourceTree = "<group>"; };
		70B5CBBC1B5F7EEF00E1C3EA /* PrefixHeader.pch */ = {isa = PBXFileReference; fileEncoding = 4; lastKnownFileType = sourcecode.c.h; path = PrefixHeader.pch; sourceTree = "<group>"; };
		70B5CBBE1B5F7EEF00E1C3EA /* XMGTabBar.h */ = {isa = PBXFileReference; fileEncoding = 4; lastKnownFileType = sourcecode.c.h; path = XMGTabBar.h; sourceTree = "<group>"; };
		70B5CBBF1B5F7EEF00E1C3EA /* XMGTabBar.m */ = {isa = PBXFileReference; fileEncoding = 4; lastKnownFileType = sourcecode.c.objc; path = XMGTabBar.m; sourceTree = "<group>"; };
		FF487678C086FE90F821D1D1 /* libPods.a */ = {isa = PBXFileReference; explicitFileType = archive.ar; includeInIndex = 0; path = libPods.a; sourceTree = BUILT_PRODUCTS_DIR; };
/* End PBXFileReference section */

/* Begin PBXFrameworksBuildPhase section */
		70B5CB4F1B5F27D200E1C3EA /* Frameworks */ = {
			isa = PBXFrameworksBuildPhase;
			buildActionMask = 2147483647;
			files = (
				81FE09566F480AE1F9EB3755 /* libPods.a in Frameworks */,
			);
			runOnlyForDeploymentPostprocessing = 0;
		};
		70B5CB681B5F27D200E1C3EA /* Frameworks */ = {
			isa = PBXFrameworksBuildPhase;
			buildActionMask = 2147483647;
			files = (
			);
			runOnlyForDeploymentPostprocessing = 0;
		};
/* End PBXFrameworksBuildPhase section */

/* Begin PBXGroup section */
		1104F48D02A507B813B88C9F /* Frameworks */ = {
			isa = PBXGroup;
			children = (
				FF487678C086FE90F821D1D1 /* libPods.a */,
			);
			name = Frameworks;
			sourceTree = "<group>";
		};
		3FAF7C89209034E49F87A27B /* Pods */ = {
			isa = PBXGroup;
			children = (
				29ECF4B08B9EC0FADE9F9A4E /* Pods.debug.xcconfig */,
				686EE972533FF6CBCB7A18CB /* Pods.release.xcconfig */,
			);
			name = Pods;
			sourceTree = "<group>";
		};
		70B5CB491B5F27D200E1C3EA = {
			isa = PBXGroup;
			children = (
				70B5CB541B5F27D200E1C3EA /* 01-百思不得姐 */,
				70B5CB6E1B5F27D200E1C3EA /* 01-百思不得姐Tests */,
				70B5CB531B5F27D200E1C3EA /* Products */,
				3FAF7C89209034E49F87A27B /* Pods */,
				1104F48D02A507B813B88C9F /* Frameworks */,
			);
			sourceTree = "<group>";
		};
		70B5CB531B5F27D200E1C3EA /* Products */ = {
			isa = PBXGroup;
			children = (
				70B5CB521B5F27D200E1C3EA /* 01-百思不得姐.app */,
				70B5CB6B1B5F27D200E1C3EA /* 01-百思不得姐Tests.xctest */,
			);
			name = Products;
			sourceTree = "<group>";
		};
		70B5CB541B5F27D200E1C3EA /* 01-百思不得姐 */ = {
			isa = PBXGroup;
			children = (
				70B5CB971B5F7EEF00E1C3EA /* Classes */,
				70B5CB551B5F27D200E1C3EA /* Supporting Files */,
			);
			path = "01-百思不得姐";
			sourceTree = "<group>";
		};
		70B5CB551B5F27D200E1C3EA /* Supporting Files */ = {
			isa = PBXGroup;
			children = (
				70B5CB621B5F27D200E1C3EA /* Images.xcassets */,
				70B5CB561B5F27D200E1C3EA /* Info.plist */,
			);
			name = "Supporting Files";
			sourceTree = "<group>";
		};
		70B5CB6E1B5F27D200E1C3EA /* 01-百思不得姐Tests */ = {
			isa = PBXGroup;
			children = (
				70B5CB711B5F27D200E1C3EA /* _1______Tests.m */,
				70B5CB6F1B5F27D200E1C3EA /* Supporting Files */,
			);
			path = "01-百思不得姐Tests";
			sourceTree = "<group>";
		};
		70B5CB6F1B5F27D200E1C3EA /* Supporting Files */ = {
			isa = PBXGroup;
			children = (
				70B5CB701B5F27D200E1C3EA /* Info.plist */,
			);
			name = "Supporting Files";
			sourceTree = "<group>";
		};
		70B5CB971B5F7EEF00E1C3EA /* Classes */ = {
			isa = PBXGroup;
			children = (
				70B5CB981B5F7EEF00E1C3EA /* Essence-精华 */,
				70B5CBAA1B5F7EEF00E1C3EA /* New-新帖 */,
				70B5CB9E1B5F7EEF00E1C3EA /* FriendTrends-关注 */,
				70B5CBA41B5F7EEF00E1C3EA /* Me-我 */,
				70B5CBB01B5F7EEF00E1C3EA /* Other-其他 */,
			);
			path = Classes;
			sourceTree = "<group>";
		};
		70B5CB981B5F7EEF00E1C3EA /* Essence-精华 */ = {
			isa = PBXGroup;
			children = (
				70B5CB991B5F7EEF00E1C3EA /* Controller */,
				70B5CB9C1B5F7EEF00E1C3EA /* Model */,
				70B5CB9D1B5F7EEF00E1C3EA /* View */,
			);
			path = "Essence-精华";
			sourceTree = "<group>";
		};
		70B5CB991B5F7EEF00E1C3EA /* Controller */ = {
			isa = PBXGroup;
			children = (
				70B5CB9A1B5F7EEF00E1C3EA /* XMGEssenceViewController.h */,
				70B5CB9B1B5F7EEF00E1C3EA /* XMGEssenceViewController.m */,
				182C2D8A1C608BBC00804277 /* XMGALLViewController.h */,
				182C2D8B1C608BBC00804277 /* XMGALLViewController.m */,
				182C2D901C608BF100804277 /* XMGVideoViewController.h */,
				182C2D911C608BF100804277 /* XMGVideoViewController.m */,
				182C2D931C608C0A00804277 /* XMGVoiceViewController.h */,
				182C2D941C608C0A00804277 /* XMGVoiceViewController.m */,
				182C2D961C608C1B00804277 /* XMGPictureViewController.h */,
				182C2D971C608C1B00804277 /* XMGPictureViewController.m */,
				182C2D991C608C2C00804277 /* XMGWordViewController.h */,
				182C2D9A1C608C2C00804277 /* XMGWordViewController.m */,
			);
			path = Controller;
			sourceTree = "<group>";
		};
		70B5CB9C1B5F7EEF00E1C3EA /* Model */ = {
			isa = PBXGroup;
			children = (
				18B463371C61BD7700493204 /* XMGTopic.h */,
				18B463381C61BD7700493204 /* XMGTopic.m */,
			);
			path = Model;
			sourceTree = "<group>";
		};
		70B5CB9D1B5F7EEF00E1C3EA /* View */ = {
			isa = PBXGroup;
			children = (
				18DAF1BD1C61DD870043958B /* XMGTopicCell.h */,
				18DAF1BE1C61DD870043958B /* XMGTopicCell.m */,
				18DAF1BF1C61DD870043958B /* XMGTopicCell.xib */,
			);
			path = View;
			sourceTree = "<group>";
		};
		70B5CB9E1B5F7EEF00E1C3EA /* FriendTrends-关注 */ = {
			isa = PBXGroup;
			children = (
				70B5CB9F1B5F7EEF00E1C3EA /* Controller */,
				70B5CBA21B5F7EEF00E1C3EA /* Model */,
				70B5CBA31B5F7EEF00E1C3EA /* View */,
			);
			path = "FriendTrends-关注";
			sourceTree = "<group>";
		};
		70B5CB9F1B5F7EEF00E1C3EA /* Controller */ = {
			isa = PBXGroup;
			children = (
				70B5CBA01B5F7EEF00E1C3EA /* XMGFriendTrendsViewController.h */,
				70B5CBA11B5F7EEF00E1C3EA /* XMGFriendTrendsViewController.m */,
				18F5CB7D1C5EFC0900F3297F /* XMGFriendTrendsViewController.xib */,
				1892B2EA1C5B0CEA0039FF47 /* XMGRecommendViewController.h */,
				1892B2EB1C5B0CEA0039FF47 /* XMGRecommendViewController.m */,
				1892B2EC1C5B0CEA0039FF47 /* XMGRecommendViewController.xib */,
				18F5CB7F1C5F022600F3297F /* XMGLoginRegisterViewController.h */,
				18F5CB801C5F022600F3297F /* XMGLoginRegisterViewController.m */,
				18F5CB811C5F022600F3297F /* XMGLoginRegisterViewController.xib */,
			);
			path = Controller;
			sourceTree = "<group>";
		};
		70B5CBA21B5F7EEF00E1C3EA /* Model */ = {
			isa = PBXGroup;
			children = (
				1892B2EF1C5B1C4F0039FF47 /* XMGRecommendCategory.h */,
				1892B2F01C5B1C4F0039FF47 /* XMGRecommendCategory.m */,
				1892B2FA1C5B45330039FF47 /* XMGRecommendUser.h */,
				1892B2FB1C5B45330039FF47 /* XMGRecommendUser.m */,
			);
			path = Model;
			sourceTree = "<group>";
		};
		70B5CBA31B5F7EEF00E1C3EA /* View */ = {
			isa = PBXGroup;
			children = (
				1892B2F51C5B1FDB0039FF47 /* XMGRecommendCategoryCell.h */,
				1892B2F61C5B1FDB0039FF47 /* XMGRecommendCategoryCell.m */,
				1892B2F71C5B1FDB0039FF47 /* XMGRecommendCategoryCell.xib */,
				1892B2FD1C5B45D40039FF47 /* XMGRecommendUserCell.h */,
				1892B2FE1C5B45D40039FF47 /* XMGRecommendUserCell.m */,
				1892B2FF1C5B45D40039FF47 /* XMGRecommendUserCell.xib */,
				18F5CB841C5F093300F3297F /* XMGVerticalButton.h */,
				18F5CB851C5F093300F3297F /* XMGVerticalButton.m */,
				1855FD311C5F4023002BF28B /* XMGTextfieldAttr.h */,
				1855FD321C5F4023002BF28B /* XMGTextfieldAttr.m */,
			);
			path = View;
			sourceTree = "<group>";
		};
		70B5CBA41B5F7EEF00E1C3EA /* Me-我 */ = {
			isa = PBXGroup;
			children = (
				70B5CBA51B5F7EEF00E1C3EA /* Controller */,
				70B5CBA81B5F7EEF00E1C3EA /* Model */,
				70B5CBA91B5F7EEF00E1C3EA /* View */,
			);
			path = "Me-我";
			sourceTree = "<group>";
		};
		70B5CBA51B5F7EEF00E1C3EA /* Controller */ = {
			isa = PBXGroup;
			children = (
				70B5CBA61B5F7EEF00E1C3EA /* XMGMeViewController.h */,
				70B5CBA71B5F7EEF00E1C3EA /* XMGMeViewController.m */,
			);
			path = Controller;
			sourceTree = "<group>";
		};
		70B5CBA81B5F7EEF00E1C3EA /* Model */ = {
			isa = PBXGroup;
			children = (
			);
			path = Model;
			sourceTree = "<group>";
		};
		70B5CBA91B5F7EEF00E1C3EA /* View */ = {
			isa = PBXGroup;
			children = (
			);
			path = View;
			sourceTree = "<group>";
		};
		70B5CBAA1B5F7EEF00E1C3EA /* New-新帖 */ = {
			isa = PBXGroup;
			children = (
				70B5CBAB1B5F7EEF00E1C3EA /* Controller */,
				70B5CBAE1B5F7EEF00E1C3EA /* Model */,
				70B5CBAF1B5F7EEF00E1C3EA /* View */,
			);
			path = "New-新帖";
			sourceTree = "<group>";
		};
		70B5CBAB1B5F7EEF00E1C3EA /* Controller */ = {
			isa = PBXGroup;
			children = (
				70B5CBAC1B5F7EEF00E1C3EA /* XMGNewViewController.h */,
				70B5CBAD1B5F7EEF00E1C3EA /* XMGNewViewController.m */,
			);
			path = Controller;
			sourceTree = "<group>";
		};
		70B5CBAE1B5F7EEF00E1C3EA /* Model */ = {
			isa = PBXGroup;
			children = (
			);
			path = Model;
			sourceTree = "<group>";
		};
		70B5CBAF1B5F7EEF00E1C3EA /* View */ = {
			isa = PBXGroup;
			children = (
			);
			path = View;
			sourceTree = "<group>";
		};
		70B5CBB01B5F7EEF00E1C3EA /* Other-其他 */ = {
			isa = PBXGroup;
			children = (
				70B5CBB81B5F7EEF00E1C3EA /* Controller */,
				70B5CBBD1B5F7EEF00E1C3EA /* View */,
				70B5CBB31B5F7EEF00E1C3EA /* Category */,
				70B5CBB11B5F7EEF00E1C3EA /* AppDelegate.h */,
				70B5CBB21B5F7EEF00E1C3EA /* AppDelegate.m */,
				70B5CBBB1B5F7EEF00E1C3EA /* main.m */,
				70B5CBBC1B5F7EEF00E1C3EA /* PrefixHeader.pch */,
			);
			path = "Other-其他";
			sourceTree = "<group>";
		};
		70B5CBB31B5F7EEF00E1C3EA /* Category */ = {
			isa = PBXGroup;
			children = (
				70B5CBB41B5F7EEF00E1C3EA /* UIBarButtonItem+XMGExtension.h */,
				70B5CBB51B5F7EEF00E1C3EA /* UIBarButtonItem+XMGExtension.m */,
				70B5CBB61B5F7EEF00E1C3EA /* UIView+XMGExtension.h */,
				70B5CBB71B5F7EEF00E1C3EA /* UIView+XMGExtension.m */,
				18239A851C62DB5700750FA3 /* NSDate+XMGExtension.h */,
				18239A861C62DB5700750FA3 /* NSDate+XMGExtension.m */,
			);
			path = Category;
			sourceTree = "<group>";
		};
		70B5CBB81B5F7EEF00E1C3EA /* Controller */ = {
			isa = PBXGroup;
			children = (
				70B5CBB91B5F7EEF00E1C3EA /* XMGTabBarController.h */,
				70B5CBBA1B5F7EEF00E1C3EA /* XMGTabBarController.m */,
				189CC84C1C59D334003C8362 /* XMGNavigationController.h */,
				189CC84D1C59D334003C8362 /* XMGNavigationController.m */,
			);
			path = Controller;
			sourceTree = "<group>";
		};
		70B5CBBD1B5F7EEF00E1C3EA /* View */ = {
			isa = PBXGroup;
			children = (
				70B5CBBE1B5F7EEF00E1C3EA /* XMGTabBar.h */,
				70B5CBBF1B5F7EEF00E1C3EA /* XMGTabBar.m */,
				189222731C604A6C009D579F /* XMGPushGuideView.h */,
				189222741C604A6C009D579F /* XMGPushGuideView.m */,
				189222781C604B05009D579F /* XMGPushGuideView.xib */,
			);
			path = View;
			sourceTree = "<group>";
		};
/* End PBXGroup section */

/* Begin PBXNativeTarget section */
		70B5CB511B5F27D200E1C3EA /* 01-百思不得姐 */ = {
			isa = PBXNativeTarget;
			buildConfigurationList = 70B5CB751B5F27D200E1C3EA /* Build configuration list for PBXNativeTarget "01-百思不得姐" */;
			buildPhases = (
				CC795F197268DAF5B562F933 /* Check Pods Manifest.lock */,
				70B5CB4E1B5F27D200E1C3EA /* Sources */,
				70B5CB4F1B5F27D200E1C3EA /* Frameworks */,
				70B5CB501B5F27D200E1C3EA /* Resources */,
				F21D660C98A3CEE138EB3958 /* Embed Pods Frameworks */,
				80216219F5E2C6A5CFD51DD5 /* Copy Pods Resources */,
			);
			buildRules = (
			);
			dependencies = (
			);
			name = "01-百思不得姐";
			productName = "01-百思不得姐";
			productReference = 70B5CB521B5F27D200E1C3EA /* 01-百思不得姐.app */;
			productType = "com.apple.product-type.application";
		};
		70B5CB6A1B5F27D200E1C3EA /* 01-百思不得姐Tests */ = {
			isa = PBXNativeTarget;
			buildConfigurationList = 70B5CB781B5F27D200E1C3EA /* Build configuration list for PBXNativeTarget "01-百思不得姐Tests" */;
			buildPhases = (
				70B5CB671B5F27D200E1C3EA /* Sources */,
				70B5CB681B5F27D200E1C3EA /* Frameworks */,
				70B5CB691B5F27D200E1C3EA /* Resources */,
			);
			buildRules = (
			);
			dependencies = (
				70B5CB6D1B5F27D200E1C3EA /* PBXTargetDependency */,
			);
			name = "01-百思不得姐Tests";
			productName = "01-百思不得姐Tests";
			productReference = 70B5CB6B1B5F27D200E1C3EA /* 01-百思不得姐Tests.xctest */;
			productType = "com.apple.product-type.bundle.unit-test";
		};
/* End PBXNativeTarget section */

/* Begin PBXProject section */
		70B5CB4A1B5F27D200E1C3EA /* Project object */ = {
			isa = PBXProject;
			attributes = {
				CLASSPREFIX = XMG;
				LastUpgradeCheck = 0720;
				ORGANIZATIONNAME = "小码哥";
				TargetAttributes = {
					70B5CB511B5F27D200E1C3EA = {
						CreatedOnToolsVersion = 6.3.2;
					};
					70B5CB6A1B5F27D200E1C3EA = {
						CreatedOnToolsVersion = 6.3.2;
						TestTargetID = 70B5CB511B5F27D200E1C3EA;
					};
				};
			};
			buildConfigurationList = 70B5CB4D1B5F27D200E1C3EA /* Build configuration list for PBXProject "01-百思不得姐" */;
			compatibilityVersion = "Xcode 3.2";
			developmentRegion = English;
			hasScannedForEncodings = 0;
			knownRegions = (
				en,
				Base,
			);
			mainGroup = 70B5CB491B5F27D200E1C3EA;
			productRefGroup = 70B5CB531B5F27D200E1C3EA /* Products */;
			projectDirPath = "";
			projectRoot = "";
			targets = (
				70B5CB511B5F27D200E1C3EA /* 01-百思不得姐 */,
				70B5CB6A1B5F27D200E1C3EA /* 01-百思不得姐Tests */,
			);
		};
/* End PBXProject section */

/* Begin PBXResourcesBuildPhase section */
		70B5CB501B5F27D200E1C3EA /* Resources */ = {
			isa = PBXResourcesBuildPhase;
			buildActionMask = 2147483647;
			files = (
				18F5CB7E1C5EFC0900F3297F /* XMGFriendTrendsViewController.xib in Resources */,
				1892B2F91C5B1FDB0039FF47 /* XMGRecommendCategoryCell.xib in Resources */,
				18F5CB831C5F022600F3297F /* XMGLoginRegisterViewController.xib in Resources */,
				189222791C604B05009D579F /* XMGPushGuideView.xib in Resources */,
				18DAF1C11C61DD870043958B /* XMGTopicCell.xib in Resources */,
				1892B2EE1C5B0CEA0039FF47 /* XMGRecommendViewController.xib in Resources */,
				1892B3011C5B45D40039FF47 /* XMGRecommendUserCell.xib in Resources */,
				70B5CB631B5F27D200E1C3EA /* Images.xcassets in Resources */,
			);
			runOnlyForDeploymentPostprocessing = 0;
		};
		70B5CB691B5F27D200E1C3EA /* Resources */ = {
			isa = PBXResourcesBuildPhase;
			buildActionMask = 2147483647;
			files = (
			);
			runOnlyForDeploymentPostprocessing = 0;
		};
/* End PBXResourcesBuildPhase section */

/* Begin PBXShellScriptBuildPhase section */
		80216219F5E2C6A5CFD51DD5 /* Copy Pods Resources */ = {
			isa = PBXShellScriptBuildPhase;
			buildActionMask = 2147483647;
			files = (
			);
			inputPaths = (
			);
			name = "Copy Pods Resources";
			outputPaths = (
			);
			runOnlyForDeploymentPostprocessing = 0;
			shellPath = /bin/sh;
			shellScript = "\"${SRCROOT}/Pods/Target Support Files/Pods/Pods-resources.sh\"\n";
			showEnvVarsInLog = 0;
		};
		CC795F197268DAF5B562F933 /* Check Pods Manifest.lock */ = {
			isa = PBXShellScriptBuildPhase;
			buildActionMask = 2147483647;
			files = (
			);
			inputPaths = (
			);
			name = "Check Pods Manifest.lock";
			outputPaths = (
			);
			runOnlyForDeploymentPostprocessing = 0;
			shellPath = /bin/sh;
			shellScript = "diff \"${PODS_ROOT}/../Podfile.lock\" \"${PODS_ROOT}/Manifest.lock\" > /dev/null\nif [[ $? != 0 ]] ; then\n    cat << EOM\nerror: The sandbox is not in sync with the Podfile.lock. Run 'pod install' or update your CocoaPods installation.\nEOM\n    exit 1\nfi\n";
			showEnvVarsInLog = 0;
		};
		F21D660C98A3CEE138EB3958 /* Embed Pods Frameworks */ = {
			isa = PBXShellScriptBuildPhase;
			buildActionMask = 2147483647;
			files = (
			);
			inputPaths = (
			);
			name = "Embed Pods Frameworks";
			outputPaths = (
			);
			runOnlyForDeploymentPostprocessing = 0;
			shellPath = /bin/sh;
			shellScript = "\"${SRCROOT}/Pods/Target Support Files/Pods/Pods-frameworks.sh\"\n";
			showEnvVarsInLog = 0;
		};
/* End PBXShellScriptBuildPhase section */

/* Begin PBXSourcesBuildPhase section */
		70B5CB4E1B5F27D200E1C3EA /* Sources */ = {
			isa = PBXSourcesBuildPhase;
			buildActionMask = 2147483647;
			files = (
				70B5CBC91B5F7EEF00E1C3EA /* XMGTabBar.m in Sources */,
				189CC84E1C59D334003C8362 /* XMGNavigationController.m in Sources */,
				1892B2F11C5B1C4F0039FF47 /* XMGRecommendCategory.m in Sources */,
				18239A871C62DB5700750FA3 /* NSDate+XMGExtension.m in Sources */,
				70B5CBC21B5F7EEF00E1C3EA /* XMGMeViewController.m in Sources */,
				18F5CB821C5F022600F3297F /* XMGLoginRegisterViewController.m in Sources */,
				70B5CBC01B5F7EEF00E1C3EA /* XMGEssenceViewController.m in Sources */,
				1855FD331C5F4023002BF28B /* XMGTextfieldAttr.m in Sources */,
				1892B2ED1C5B0CEA0039FF47 /* XMGRecommendViewController.m in Sources */,
				182C2D9B1C608C2C00804277 /* XMGWordViewController.m in Sources */,
				182C2D951C608C0A00804277 /* XMGVoiceViewController.m in Sources */,
				1892B3001C5B45D40039FF47 /* XMGRecommendUserCell.m in Sources */,
				70B5CBC31B5F7EEF00E1C3EA /* XMGNewViewController.m in Sources */,
				189222751C604A6C009D579F /* XMGPushGuideView.m in Sources */,
				182C2D981C608C1B00804277 /* XMGPictureViewController.m in Sources */,
				182C2D921C608BF100804277 /* XMGVideoViewController.m in Sources */,
				70B5CBC61B5F7EEF00E1C3EA /* UIView+XMGExtension.m in Sources */,
				1892B2FC1C5B45330039FF47 /* XMGRecommendUser.m in Sources */,
				70B5CBC71B5F7EEF00E1C3EA /* XMGTabBarController.m in Sources */,
				70B5CBC11B5F7EEF00E1C3EA /* XMGFriendTrendsViewController.m in Sources */,
				18DAF1C01C61DD870043958B /* XMGTopicCell.m in Sources */,
				70B5CBC41B5F7EEF00E1C3EA /* AppDelegate.m in Sources */,
				18F5CB861C5F093300F3297F /* XMGVerticalButton.m in Sources */,
				182C2D8C1C608BBC00804277 /* XMGALLViewController.m in Sources */,
				18B463391C61BD7700493204 /* XMGTopic.m in Sources */,
				1892B2F81C5B1FDB0039FF47 /* XMGRecommendCategoryCell.m in Sources */,
				70B5CBC81B5F7EEF00E1C3EA /* main.m in Sources */,
				70B5CBC51B5F7EEF00E1C3EA /* UIBarButtonItem+XMGExtension.m in Sources */,
			);
			runOnlyForDeploymentPostprocessing = 0;
		};
		70B5CB671B5F27D200E1C3EA /* Sources */ = {
			isa = PBXSourcesBuildPhase;
			buildActionMask = 2147483647;
			files = (
				70B5CB721B5F27D200E1C3EA /* _1______Tests.m in Sources */,
			);
			runOnlyForDeploymentPostprocessing = 0;
		};
/* End PBXSourcesBuildPhase section */

/* Begin PBXTargetDependency section */
		70B5CB6D1B5F27D200E1C3EA /* PBXTargetDependency */ = {
			isa = PBXTargetDependency;
			target = 70B5CB511B5F27D200E1C3EA /* 01-百思不得姐 */;
			targetProxy = 70B5CB6C1B5F27D200E1C3EA /* PBXContainerItemProxy */;
		};
/* End PBXTargetDependency section */

/* Begin XCBuildConfiguration section */
		70B5CB731B5F27D200E1C3EA /* Debug */ = {
			isa = XCBuildConfiguration;
			buildSettings = {
				ALWAYS_SEARCH_USER_PATHS = NO;
				CLANG_CXX_LANGUAGE_STANDARD = "gnu++0x";
				CLANG_CXX_LIBRARY = "libc++";
				CLANG_ENABLE_MODULES = YES;
				CLANG_ENABLE_OBJC_ARC = YES;
				CLANG_WARN_BOOL_CONVERSION = YES;
				CLANG_WARN_CONSTANT_CONVERSION = YES;
				CLANG_WARN_DIRECT_OBJC_ISA_USAGE = YES_ERROR;
				CLANG_WARN_EMPTY_BODY = YES;
				CLANG_WARN_ENUM_CONVERSION = YES;
				CLANG_WARN_INT_CONVERSION = YES;
				CLANG_WARN_OBJC_ROOT_CLASS = YES_ERROR;
				CLANG_WARN_UNREACHABLE_CODE = YES;
				CLANG_WARN__DUPLICATE_METHOD_MATCH = YES;
				"CODE_SIGN_IDENTITY[sdk=iphoneos*]" = "iPhone Developer";
				COPY_PHASE_STRIP = NO;
				DEBUG_INFORMATION_FORMAT = "dwarf-with-dsym";
				ENABLE_STRICT_OBJC_MSGSEND = YES;
				ENABLE_TESTABILITY = YES;
				GCC_C_LANGUAGE_STANDARD = gnu99;
				GCC_DYNAMIC_NO_PIC = NO;
				GCC_NO_COMMON_BLOCKS = YES;
				GCC_OPTIMIZATION_LEVEL = 0;
				GCC_PREPROCESSOR_DEFINITIONS = (
					"DEBUG=1",
					"$(inherited)",
				);
				GCC_SYMBOLS_PRIVATE_EXTERN = NO;
				GCC_WARN_64_TO_32_BIT_CONVERSION = YES;
				GCC_WARN_ABOUT_RETURN_TYPE = YES_ERROR;
				GCC_WARN_UNDECLARED_SELECTOR = YES;
				GCC_WARN_UNINITIALIZED_AUTOS = YES_AGGRESSIVE;
				GCC_WARN_UNUSED_FUNCTION = YES;
				GCC_WARN_UNUSED_VARIABLE = YES;
				IPHONEOS_DEPLOYMENT_TARGET = 8.3;
				MTL_ENABLE_DEBUG_INFO = YES;
				ONLY_ACTIVE_ARCH = YES;
				SDKROOT = iphoneos;
				TARGETED_DEVICE_FAMILY = "1,2";
				USER_HEADER_SEARCH_PATHS = "";
			};
			name = Debug;
		};
		70B5CB741B5F27D200E1C3EA /* Release */ = {
			isa = XCBuildConfiguration;
			buildSettings = {
				ALWAYS_SEARCH_USER_PATHS = NO;
				CLANG_CXX_LANGUAGE_STANDARD = "gnu++0x";
				CLANG_CXX_LIBRARY = "libc++";
				CLANG_ENABLE_MODULES = YES;
				CLANG_ENABLE_OBJC_ARC = YES;
				CLANG_WARN_BOOL_CONVERSION = YES;
				CLANG_WARN_CONSTANT_CONVERSION = YES;
				CLANG_WARN_DIRECT_OBJC_ISA_USAGE = YES_ERROR;
				CLANG_WARN_EMPTY_BODY = YES;
				CLANG_WARN_ENUM_CONVERSION = YES;
				CLANG_WARN_INT_CONVERSION = YES;
				CLANG_WARN_OBJC_ROOT_CLASS = YES_ERROR;
				CLANG_WARN_UNREACHABLE_CODE = YES;
				CLANG_WARN__DUPLICATE_METHOD_MATCH = YES;
				"CODE_SIGN_IDENTITY[sdk=iphoneos*]" = "iPhone Developer";
				COPY_PHASE_STRIP = NO;
				DEBUG_INFORMATION_FORMAT = "dwarf-with-dsym";
				ENABLE_NS_ASSERTIONS = NO;
				ENABLE_STRICT_OBJC_MSGSEND = YES;
				GCC_C_LANGUAGE_STANDARD = gnu99;
				GCC_NO_COMMON_BLOCKS = YES;
				GCC_WARN_64_TO_32_BIT_CONVERSION = YES;
				GCC_WARN_ABOUT_RETURN_TYPE = YES_ERROR;
				GCC_WARN_UNDECLARED_SELECTOR = YES;
				GCC_WARN_UNINITIALIZED_AUTOS = YES_AGGRESSIVE;
				GCC_WARN_UNUSED_FUNCTION = YES;
				GCC_WARN_UNUSED_VARIABLE = YES;
				IPHONEOS_DEPLOYMENT_TARGET = 8.3;
				MTL_ENABLE_DEBUG_INFO = NO;
				SDKROOT = iphoneos;
				TARGETED_DEVICE_FAMILY = "1,2";
				USER_HEADER_SEARCH_PATHS = "";
				VALIDATE_PRODUCT = YES;
			};
			name = Release;
		};
		70B5CB761B5F27D200E1C3EA /* Debug */ = {
			isa = XCBuildConfiguration;
			baseConfigurationReference = 29ECF4B08B9EC0FADE9F9A4E /* Pods.debug.xcconfig */;
			buildSettings = {
				ASSETCATALOG_COMPILER_APPICON_NAME = AppIcon;
				ASSETCATALOG_COMPILER_LAUNCHIMAGE_NAME = LaunchImage;
				GCC_PREFIX_HEADER = "01-百思不得姐/Classes/Other-其他/PrefixHeader.pch";
				INFOPLIST_FILE = "01-百思不得姐/Info.plist";
				LD_RUNPATH_SEARCH_PATHS = "$(inherited) @executable_path/Frameworks";
				PRODUCT_BUNDLE_IDENTIFIER = "XMG.$(PRODUCT_NAME:rfc1034identifier)";
				PRODUCT_NAME = "$(TARGET_NAME)";
			};
			name = Debug;
		};
		70B5CB771B5F27D200E1C3EA /* Release */ = {
			isa = XCBuildConfiguration;
			baseConfigurationReference = 686EE972533FF6CBCB7A18CB /* Pods.release.xcconfig */;
			buildSettings = {
				ASSETCATALOG_COMPILER_APPICON_NAME = AppIcon;
				ASSETCATALOG_COMPILER_LAUNCHIMAGE_NAME = LaunchImage;
				GCC_PREFIX_HEADER = "01-百思不得姐/Classes/Other-其他/PrefixHeader.pch";
				INFOPLIST_FILE = "01-百思不得姐/Info.plist";
				LD_RUNPATH_SEARCH_PATHS = "$(inherited) @executable_path/Frameworks";
				PRODUCT_BUNDLE_IDENTIFIER = "XMG.$(PRODUCT_NAME:rfc1034identifier)";
				PRODUCT_NAME = "$(TARGET_NAME)";
			};
			name = Release;
		};
		70B5CB791B5F27D200E1C3EA /* Debug */ = {
			isa = XCBuildConfiguration;
			buildSettings = {
				BUNDLE_LOADER = "$(TEST_HOST)";
				FRAMEWORK_SEARCH_PATHS = (
					"$(SDKROOT)/Developer/Library/Frameworks",
					"$(inherited)",
				);
				GCC_PREPROCESSOR_DEFINITIONS = (
					"DEBUG=1",
					"$(inherited)",
				);
				INFOPLIST_FILE = "01-百思不得姐Tests/Info.plist";
				LD_RUNPATH_SEARCH_PATHS = "$(inherited) @executable_path/Frameworks @loader_path/Frameworks";
				PRODUCT_BUNDLE_IDENTIFIER = "XMG.$(PRODUCT_NAME:rfc1034identifier)";
				PRODUCT_NAME = "$(TARGET_NAME)";
				TEST_HOST = "$(BUILT_PRODUCTS_DIR)/01-百思不得姐.app/01-百思不得姐";
			};
			name = Debug;
		};
		70B5CB7A1B5F27D200E1C3EA /* Release */ = {
			isa = XCBuildConfiguration;
			buildSettings = {
				BUNDLE_LOADER = "$(TEST_HOST)";
				FRAMEWORK_SEARCH_PATHS = (
					"$(SDKROOT)/Developer/Library/Frameworks",
					"$(inherited)",
				);
				INFOPLIST_FILE = "01-百思不得姐Tests/Info.plist";
				LD_RUNPATH_SEARCH_PATHS = "$(inherited) @executable_path/Frameworks @loader_path/Frameworks";
				PRODUCT_BUNDLE_IDENTIFIER = "XMG.$(PRODUCT_NAME:rfc1034identifier)";
				PRODUCT_NAME = "$(TARGET_NAME)";
				TEST_HOST = "$(BUILT_PRODUCTS_DIR)/01-百思不得姐.app/01-百思不得姐";
			};
			name = Release;
		};
/* End XCBuildConfiguration section */

/* Begin XCConfigurationList section */
		70B5CB4D1B5F27D200E1C3EA /* Build configuration list for PBXProject "01-百思不得姐" */ = {
			isa = XCConfigurationList;
			buildConfigurations = (
				70B5CB731B5F27D200E1C3EA /* Debug */,
				70B5CB741B5F27D200E1C3EA /* Release */,
			);
			defaultConfigurationIsVisible = 0;
			defaultConfigurationName = Release;
		};
		70B5CB751B5F27D200E1C3EA /* Build configuration list for PBXNativeTarget "01-百思不得姐" */ = {
			isa = XCConfigurationList;
			buildConfigurations = (
				70B5CB761B5F27D200E1C3EA /* Debug */,
				70B5CB771B5F27D200E1C3EA /* Release */,
			);
			defaultConfigurationIsVisible = 0;
			defaultConfigurationName = Release;
		};
		70B5CB781B5F27D200E1C3EA /* Build configuration list for PBXNativeTarget "01-百思不得姐Tests" */ = {
			isa = XCConfigurationList;
			buildConfigurations = (
				70B5CB791B5F27D200E1C3EA /* Debug */,
				70B5CB7A1B5F27D200E1C3EA /* Release */,
			);
			defaultConfigurationIsVisible = 0;
			defaultConfigurationName = Release;
		};
/* End XCConfigurationList section */
	};
	rootObject = 70B5CB4A1B5F27D200E1C3EA /* Project object */;
}
